
Microsoft Visual Studio Solution File, Format Version 12.00
# Visual Studio 15
VisualStudioVersion = 15.0.27703.2035
MinimumVisualStudioVersion = 10.0.40219.1
Project("{FAE04EC0-301F-11D3-BF4B-00C04F79EFBC}") = "emulatorgamessuperscrapper", "emulatorgamessuperscrapper\emulatorgamessuperscrapper.csproj", "{96819C71-5224-4E15-9BC7-BE72EF28E9CA}"
EndProject
Global
	GlobalSection(SolutionConfigurationPlatforms) = preSolution
		Debug|Any CPU = Debug|Any CPU
		Release|Any CPU = Release|Any CPU
	EndGlobalSection
	GlobalSection(ProjectConfigurationPlatforms) = postSolution
		{96819C71-5224-4E15-9BC7-BE72EF28E9CA}.Debug|Any CPU.ActiveCfg = Debug|Any CPU
		{96819C71-5224-4E15-9BC7-BE72EF28E9CA}.Debug|Any CPU.Build.0 = Debug|Any CPU
		{96819C71-5224-4E15-9BC7-BE72EF28E9CA}.Release|Any CPU.ActiveCfg = Release|Any CPU
		{96819C71-5224-4E15-9BC7-BE72EF28E9CA}.Release|Any CPU.Build.0 = Release|Any CPU
	EndGlobalSection
	GlobalSection(SolutionProperties) = preSolution
		HideSolutionNode = FALSE
	EndGlobalSection
	GlobalSection(ExtensibilityGlobals) = postSolution
		SolutionGuid = {0A743E86-FFA9-472D-9D02-B731708160D7}
	EndGlobalSection
EndGlobal
